
Microsoft Visual Studio Solution File, Format Version 12.00
# Visual Studio Version 16
VisualStudioVersion = 16.0.30330.147
MinimumVisualStudioVersion = 10.0.40219.1
Project("{8BC9CEB8-8B4A-11D0-8D11-00A0C91BC942}") = "2 and 3", "2 and 3\2 and 3.vcxproj", "{AF60E7F3-9F14-4624-8D83-4CFBFEF5D664}"
EndProject
Global
	GlobalSection(SolutionConfigurationPlatforms) = preSolution
		Debug|x64 = Debug|x64
		Debug|x86 = Debug|x86
		Release|x64 = Release|x64
		Release|x86 = Release|x86
	EndGlobalSection
	GlobalSection(ProjectConfigurationPlatforms) = postSolution
		{AF60E7F3-9F14-4624-8D83-4CFBFEF5D664}.Debug|x64.ActiveCfg = Debug|x64
		{AF60E7F3-9F14-4624-8D83-4CFBFEF5D664}.Debug|x64.Build.0 = Debug|x64
		{AF60E7F3-9F14-4624-8D83-4CFBFEF5D664}.Debug|x86.ActiveCfg = Debug|Win32
		{AF60E7F3-9F14-4624-8D83-4CFBFEF5D664}.Debug|x86.Build.0 = Debug|Win32
		{AF60E7F3-9F14-4624-8D83-4CFBFEF5D664}.Release|x64.ActiveCfg = Release|x64
		{AF60E7F3-9F14-4624-8D83-4CFBFEF5D664}.Release|x64.Build.0 = Release|x64
		{AF60E7F3-9F14-4624-8D83-4CFBFEF5D664}.Release|x86.ActiveCfg = Release|Win32
		{AF60E7F3-9F14-4624-8D83-4CFBFEF5D664}.Release|x86.Build.0 = Release|Win32
	EndGlobalSection
	GlobalSection(SolutionProperties) = preSolution
		HideSolutionNode = FALSE
	EndGlobalSection
	GlobalSection(ExtensibilityGlobals) = postSolution
		SolutionGuid = {75158D21-FB08-43C5-B86E-E7C208189967}
	EndGlobalSection
EndGlobal
